version = 1
revision = 1
requires-python = "==3.13.*"

[[package]]
name = "cfgv"
version = "3.3.1"
source = { registry = "https://pypi.org/simple" }
sdist = { url = "https://files.pythonhosted.org/packages/c4/bf/d0d622b660d414a47dc7f0d303791a627663f554345b21250e39e7acb48b/cfgv-3.3.1.tar.gz", hash = "sha256:f5a830efb9ce7a445376bb66ec94c638a9787422f96264c98edc6bdeed8ab736", size = 7864 }
wheels = [
    { url = "https://files.pythonhosted.org/packages/6d/82/0a0ebd35bae9981dea55c06f8e6aaf44a49171ad798795c72c6f64cba4c2/cfgv-3.3.1-py2.py3-none-any.whl", hash = "sha256:c6a0883f3917a037485059700b9e75da2464e6c27051014ad85ba6aaa5884426", size = 7312 },
]

[[package]]
name = "cooklang-recipe"
version = "0.1.0"
source = { virtual = "." }

[package.dev-dependencies]
dev = [
    { name = "pre-commit" },
    { name = "pyyaml" },
]

[package.metadata]

[package.metadata.requires-dev]
dev = [
    { name = "pre-commit" },
    { name = "pyyaml", specifier = "==5.3.1" },
]

[[package]]
name = "distlib"
version = "0.3.6"
source = { registry = "https://pypi.org/simple" }
sdist = { url = "https://files.pythonhosted.org/packages/58/07/815476ae605bcc5f95c87a62b95e74a1bce0878bc7a3119bc2bf4178f175/distlib-0.3.6.tar.gz", hash = "sha256:14bad2d9b04d3a36127ac97f30b12a19268f211063d8f8ee4f47108896e11b46", size = 607879 }
wheels = [
    { url = "https://files.pythonhosted.org/packages/76/cb/6bbd2b10170ed991cf64e8c8b85e01f2fb38f95d1bc77617569e0b0b26ac/distlib-0.3.6-py2.py3-none-any.whl", hash = "sha256:f35c4b692542ca110de7ef0bea44d73981caeb34ca0b9b6b2e6d7790dda8f80e", size = 468535 },
]

[[package]]
name = "filelock"
version = "3.12.0"
source = { registry = "https://pypi.org/simple" }
sdist = { url = "https://files.pythonhosted.org/packages/24/85/cf4df939cc0a037ebfe18353005e775916faec24dcdbc7a2f6539ad9d943/filelock-3.12.0.tar.gz", hash = "sha256:fc03ae43288c013d2ea83c8597001b1129db351aad9c57fe2409327916b8e718", size = 11839 }
wheels = [
    { url = "https://files.pythonhosted.org/packages/ad/73/b094a662ae05cdc4ec95bc54e434e307986a5de5960166b8161b7c1373ee/filelock-3.12.0-py3-none-any.whl", hash = "sha256:ad98852315c2ab702aeb628412cbf7e95b7ce8c3bf9565670b4eaecf1db370a9", size = 10702 },
]

[[package]]
name = "identify"
version = "2.5.24"
source = { registry = "https://pypi.org/simple" }
sdist = { url = "https://files.pythonhosted.org/packages/c4/f8/498e13e408d25ee6ff04aa0acbf91ad8e9caae74be91720fc0e811e649b7/identify-2.5.24.tar.gz", hash = "sha256:0aac67d5b4812498056d28a9a512a483f5085cc28640b02b258a59dac34301d4", size = 98886 }
wheels = [
    { url = "https://files.pythonhosted.org/packages/4f/fd/2c46fba2bc032ba4c970bb8de59d25187087d7138a0ebf7c1dcc91d94f01/identify-2.5.24-py2.py3-none-any.whl", hash = "sha256:986dbfb38b1140e763e413e6feb44cd731faf72d1909543178aa79b0e258265d", size = 98826 },
]

[[package]]
name = "nodeenv"
version = "1.7.0"
source = { registry = "https://pypi.org/simple" }
dependencies = [
    { name = "setuptools" },
]
sdist = { url = "https://files.pythonhosted.org/packages/f3/9d/a28ecbd1721cd6c0ea65da6bfb2771d31c5d7e32d916a8f643b062530af3/nodeenv-1.7.0.tar.gz", hash = "sha256:e0e7f7dfb85fc5394c6fe1e8fa98131a2473e04311a45afb6508f7cf1836fa2b", size = 36354 }
wheels = [
    { url = "https://files.pythonhosted.org/packages/96/a8/d3b5baead78adadacb99e7281b3e842126da825cf53df61688cfc8b8ff91/nodeenv-1.7.0-py2.py3-none-any.whl", hash = "sha256:27083a7b96a25f2f5e1d8cb4b6317ee8aeda3bdd121394e5ac54e498028a042e", size = 21875 },
]

[[package]]
name = "platformdirs"
version = "3.5.0"
source = { registry = "https://pypi.org/simple" }
sdist = { url = "https://files.pythonhosted.org/packages/91/17/3836ffe140abb245726d0e21c5b9b984e2569e7027c20d12e969ec69bd8a/platformdirs-3.5.0.tar.gz", hash = "sha256:7954a68d0ba23558d753f73437c55f89027cf8f5108c19844d4b82e5af396335", size = 16037 }
wheels = [
    { url = "https://files.pythonhosted.org/packages/ce/cf/279b73aae00f7ba9d5d7664156ef323ebbf16fb556285bb223ecc45031aa/platformdirs-3.5.0-py3-none-any.whl", hash = "sha256:47692bc24c1958e8b0f13dd727307cff1db103fca36399f457da8e05f222fdc4", size = 15623 },
]

[[package]]
name = "pre-commit"
version = "3.3.1"
source = { registry = "https://pypi.org/simple" }
dependencies = [
    { name = "cfgv" },
    { name = "identify" },
    { name = "nodeenv" },
    { name = "pyyaml" },
    { name = "virtualenv" },
]
sdist = { url = "https://files.pythonhosted.org/packages/f6/f9/fd40593d83357bb03733c0e77e71a08f2f5f523595d0a10401d7e5c22f16/pre_commit-3.3.1.tar.gz", hash = "sha256:733f78c9a056cdd169baa6cd4272d51ecfda95346ef8a89bf93712706021b907", size = 176605 }
wheels = [
    { url = "https://files.pythonhosted.org/packages/77/39/86e07f4e9671ee9311fa4bafc41c66d6a907192707160e3f45272e78be38/pre_commit-3.3.1-py2.py3-none-any.whl", hash = "sha256:218e9e3f7f7f3271ebc355a15598a4d3893ad9fc7b57fe446db75644543323b9", size = 202528 },
]

[[package]]
name = "pyyaml"
version = "5.3.1"
source = { registry = "https://pypi.org/simple" }
sdist = { url = "https://files.pythonhosted.org/packages/64/c2/b80047c7ac2478f9501676c988a5411ed5572f35d1beff9cae07d321512c/PyYAML-5.3.1.tar.gz", hash = "sha256:b8eac752c5e14d3eca0e6dd9199cd627518cb5ec06add0de9d32baeee6fe645d", size = 269377 }

[[package]]
name = "setuptools"
version = "67.7.2"
source = { registry = "https://pypi.org/simple" }
sdist = { url = "https://files.pythonhosted.org/packages/fd/53/e5d7ae40d03e4ed20b7cba317cf9c0c97097c8debb39f9d72d182a6578a2/setuptools-67.7.2.tar.gz", hash = "sha256:f104fa03692a2602fa0fec6c6a9e63b6c8a968de13e17c026957dd1f53d80990", size = 2491608 }
wheels = [
    { url = "https://files.pythonhosted.org/packages/2f/8c/f336a966d4097c7cef6fc699b2ecb83b5fb63fd698198c1b5c7905a74f0f/setuptools-67.7.2-py3-none-any.whl", hash = "sha256:23aaf86b85ca52ceb801d32703f12d77517b2556af839621c641fca11287952b", size = 1093536 },
]

[[package]]
name = "virtualenv"
version = "20.23.0"
source = { registry = "https://pypi.org/simple" }
dependencies = [
    { name = "distlib" },
    { name = "filelock" },
    { name = "platformdirs" },
]
sdist = { url = "https://files.pythonhosted.org/packages/d6/37/3ff25b2ad0d51cfd752dc68ee0ad4387f058a5ceba4d89b47ac478de3f59/virtualenv-20.23.0.tar.gz", hash = "sha256:a85caa554ced0c0afbd0d638e7e2d7b5f92d23478d05d17a76daeac8f279f924", size = 6617594 }
wheels = [
    { url = "https://files.pythonhosted.org/packages/f1/0a/18755fa6aec794fd539b050beeaa905fa5c77c64356aa8bdecb62c01581a/virtualenv-20.23.0-py3-none-any.whl", hash = "sha256:6abec7670e5802a528357fdc75b26b9f57d5d92f29c5462ba0fbe45feacc685e", size = 3252838 },
]
